
Microsoft Visual Studio Solution File, Format Version 12.00
# Visual Studio 15
VisualStudioVersion = 15.0.28307.902
MinimumVisualStudioVersion = 10.0.40219.1
Project("{8BC9CEB8-8B4A-11D0-8D11-00A0C91BC942}") = "CAOD - 4", "CAOD - 4\CAOD - 4.vcxproj", "{5771D570-6F7D-4660-BAB3-84A3C97B2215}"
EndProject
Global
	GlobalSection(SolutionConfigurationPlatforms) = preSolution
		Debug|x64 = Debug|x64
		Debug|x86 = Debug|x86
		Release|x64 = Release|x64
		Release|x86 = Release|x86
	EndGlobalSection
	GlobalSection(ProjectConfigurationPlatforms) = postSolution
		{5771D570-6F7D-4660-BAB3-84A3C97B2215}.Debug|x64.ActiveCfg = Debug|x64
		{5771D570-6F7D-4660-BAB3-84A3C97B2215}.Debug|x64.Build.0 = Debug|x64
		{5771D570-6F7D-4660-BAB3-84A3C97B2215}.Debug|x86.ActiveCfg = Debug|Win32
		{5771D570-6F7D-4660-BAB3-84A3C97B2215}.Debug|x86.Build.0 = Debug|Win32
		{5771D570-6F7D-4660-BAB3-84A3C97B2215}.Release|x64.ActiveCfg = Release|x64
		{5771D570-6F7D-4660-BAB3-84A3C97B2215}.Release|x64.Build.0 = Release|x64
		{5771D570-6F7D-4660-BAB3-84A3C97B2215}.Release|x86.ActiveCfg = Release|Win32
		{5771D570-6F7D-4660-BAB3-84A3C97B2215}.Release|x86.Build.0 = Release|Win32
	EndGlobalSection
	GlobalSection(SolutionProperties) = preSolution
		HideSolutionNode = FALSE
	EndGlobalSection
	GlobalSection(ExtensibilityGlobals) = postSolution
		SolutionGuid = {7659D8C7-BE77-4AB1-8F84-6B332823D7A1}
	EndGlobalSection
EndGlobal
