
Microsoft Visual Studio Solution File, Format Version 12.00
# Visual Studio 15
VisualStudioVersion = 15.0.28307.779
MinimumVisualStudioVersion = 10.0.40219.1
Project("{8BC9CEB8-8B4A-11D0-8D11-00A0C91BC942}") = "CAOD - Set", "CAOD - Set\CAOD - Set.vcxproj", "{1522FB81-E64E-4603-829E-FAA8D5DD9AB3}"
EndProject
Global
	GlobalSection(SolutionConfigurationPlatforms) = preSolution
		Debug|x64 = Debug|x64
		Debug|x86 = Debug|x86
		Release|x64 = Release|x64
		Release|x86 = Release|x86
	EndGlobalSection
	GlobalSection(ProjectConfigurationPlatforms) = postSolution
		{1522FB81-E64E-4603-829E-FAA8D5DD9AB3}.Debug|x64.ActiveCfg = Debug|x64
		{1522FB81-E64E-4603-829E-FAA8D5DD9AB3}.Debug|x64.Build.0 = Debug|x64
		{1522FB81-E64E-4603-829E-FAA8D5DD9AB3}.Debug|x86.ActiveCfg = Debug|Win32
		{1522FB81-E64E-4603-829E-FAA8D5DD9AB3}.Debug|x86.Build.0 = Debug|Win32
		{1522FB81-E64E-4603-829E-FAA8D5DD9AB3}.Release|x64.ActiveCfg = Release|x64
		{1522FB81-E64E-4603-829E-FAA8D5DD9AB3}.Release|x64.Build.0 = Release|x64
		{1522FB81-E64E-4603-829E-FAA8D5DD9AB3}.Release|x86.ActiveCfg = Release|Win32
		{1522FB81-E64E-4603-829E-FAA8D5DD9AB3}.Release|x86.Build.0 = Release|Win32
	EndGlobalSection
	GlobalSection(SolutionProperties) = preSolution
		HideSolutionNode = FALSE
	EndGlobalSection
	GlobalSection(ExtensibilityGlobals) = postSolution
		SolutionGuid = {502E3E60-C24D-4376-B478-2A1EC3276B88}
	EndGlobalSection
EndGlobal
