
Microsoft Visual Studio Solution File, Format Version 12.00
# Visual Studio 15
VisualStudioVersion = 15.0.28307.779
MinimumVisualStudioVersion = 10.0.40219.1
Project("{8BC9CEB8-8B4A-11D0-8D11-00A0C91BC942}") = "CAOD - Алгоритмы", "CAOD - Алгоритмы\CAOD - Алгоритмы.vcxproj", "{78857A25-6D88-46C9-91B0-394FB975E913}"
EndProject
Global
	GlobalSection(SolutionConfigurationPlatforms) = preSolution
		Debug|x64 = Debug|x64
		Debug|x86 = Debug|x86
		Release|x64 = Release|x64
		Release|x86 = Release|x86
	EndGlobalSection
	GlobalSection(ProjectConfigurationPlatforms) = postSolution
		{78857A25-6D88-46C9-91B0-394FB975E913}.Debug|x64.ActiveCfg = Debug|x64
		{78857A25-6D88-46C9-91B0-394FB975E913}.Debug|x64.Build.0 = Debug|x64
		{78857A25-6D88-46C9-91B0-394FB975E913}.Debug|x86.ActiveCfg = Debug|Win32
		{78857A25-6D88-46C9-91B0-394FB975E913}.Debug|x86.Build.0 = Debug|Win32
		{78857A25-6D88-46C9-91B0-394FB975E913}.Release|x64.ActiveCfg = Release|x64
		{78857A25-6D88-46C9-91B0-394FB975E913}.Release|x64.Build.0 = Release|x64
		{78857A25-6D88-46C9-91B0-394FB975E913}.Release|x86.ActiveCfg = Release|Win32
		{78857A25-6D88-46C9-91B0-394FB975E913}.Release|x86.Build.0 = Release|Win32
	EndGlobalSection
	GlobalSection(SolutionProperties) = preSolution
		HideSolutionNode = FALSE
	EndGlobalSection
	GlobalSection(ExtensibilityGlobals) = postSolution
		SolutionGuid = {36882D38-E817-44B7-9AA3-462135BB8963}
	EndGlobalSection
EndGlobal
